--- 
specs: 
- rake: 
    version: 0.8.7
- activesupport: 
    version: 2.3.4
- activerecord: 
    version: 2.3.4
- columnize: 
    version: 0.3.1
- dataset: 
    version: 1.3.2
- json_pure: 
    version: 1.4.2
- gemcutter: 
    version: 0.5.0
- git: 
    version: 1.2.5
- hpricot: 
    version: 0.8.2
- rubyforge: 
    version: 2.0.4
- jeweler: 
    version: 1.4.0
- linecache: 
    version: "0.43"
- macaddr: 
    version: 1.0.0
- rr: 
    version: 0.10.0
- rspec: 
    version: 1.3.0
- ruby-debug-base: 
    version: 0.10.3
- ruby-debug: 
    version: 0.10.3
- sqlite3-ruby: 
    version: 1.2.5
- tmail: 
    version: 1.2.1
- uuid: 
    version: 2.3.0
hash: f114a3759c0acf377d0d1d01f36996ba24a98ef7
sources: 
- Rubygems: 
    uri: http://gemcutter.org
dependencies: 
  ruby-debug: 
    version: ">= 0"
    group: 
    - :development
  sqlite3-ruby: 
    version: ">= 0"
    group: 
    - :development
  rr: 
    version: = 0.10.0
    group: 
    - :development
  activerecord: 
    version: = 2.3.4
    group: 
    - :default
  rspec: 
    version: ">= 0"
    require: 
    - spec
    group: 
    - :development
  rake: 
    version: ">= 0"
    group: 
    - :development
  tmail: 
    version: = 1.2.1
    group: 
    - :default
  uuid: 
    version: ">= 2.0.1"
    group: 
    - :default
  dataset: 
    version: ">= 0"
    group: 
    - :development
  jeweler: 
    version: ">= 0"
    group: 
    - :development
  hpricot: 
    version: ">= 0.8.2"
    group: 
    - :default
  activesupport: 
    version: = 2.3.4
    group: 
    - :default
